
Microsoft Visual Studio Solution File, Format Version 12.00
# Visual Studio Version 17
VisualStudioVersion = 17.14.36310.24
MinimumVisualStudioVersion = 10.0.40219.1
Project("{FAE04EC0-301F-11D3-BF4B-00C04F79EFBC}") = "Project1_AdonetCustomer", "Project1_AdonetCustomer\Project1_AdonetCustomer.csproj", "{4F4E73CB-FD35-4B23-A0A8-AABF613342EF}"
EndProject
Project("{FAE04EC0-301F-11D3-BF4B-00C04F79EFBC}") = "Project2_EntityFrameworkDbFirstProduct", "Project2_EntityFrameworkDbFirstProduct\Project2_EntityFrameworkDbFirstProduct.csproj", "{C71D9E26-41A1-43B9-9A9E-C792AD948681}"
EndProject
Global
	GlobalSection(SolutionConfigurationPlatforms) = preSolution
		Debug|Any CPU = Debug|Any CPU
		Release|Any CPU = Release|Any CPU
	EndGlobalSection
	GlobalSection(ProjectConfigurationPlatforms) = postSolution
		{4F4E73CB-FD35-4B23-A0A8-AABF613342EF}.Debug|Any CPU.ActiveCfg = Debug|Any CPU
		{4F4E73CB-FD35-4B23-A0A8-AABF613342EF}.Debug|Any CPU.Build.0 = Debug|Any CPU
		{4F4E73CB-FD35-4B23-A0A8-AABF613342EF}.Release|Any CPU.ActiveCfg = Release|Any CPU
		{4F4E73CB-FD35-4B23-A0A8-AABF613342EF}.Release|Any CPU.Build.0 = Release|Any CPU
		{C71D9E26-41A1-43B9-9A9E-C792AD948681}.Debug|Any CPU.ActiveCfg = Debug|Any CPU
		{C71D9E26-41A1-43B9-9A9E-C792AD948681}.Debug|Any CPU.Build.0 = Debug|Any CPU
		{C71D9E26-41A1-43B9-9A9E-C792AD948681}.Release|Any CPU.ActiveCfg = Release|Any CPU
		{C71D9E26-41A1-43B9-9A9E-C792AD948681}.Release|Any CPU.Build.0 = Release|Any CPU
	EndGlobalSection
	GlobalSection(SolutionProperties) = preSolution
		HideSolutionNode = FALSE
	EndGlobalSection
	GlobalSection(ExtensibilityGlobals) = postSolution
		SolutionGuid = {BF40406A-216B-4A1D-BD25-1B42E5CB7946}
	EndGlobalSection
EndGlobal
